
Microsoft Visual Studio Solution File, Format Version 12.00
# Visual Studio Version 17
VisualStudioVersion = 17.0.32014.148
MinimumVisualStudioVersion = 10.0.40219.1
Project("{9A19103F-16F7-4668-BE54-9A1E7A4F7556}") = "Thycotic.Interview", "Thycotic.Interview\Thycotic.Interview.csproj", "{8BB4BCC7-5176-4D48-AD85-EC140EF3D143}"
EndProject
Project("{FAE04EC0-301F-11D3-BF4B-00C04F79EFBC}") = "Thycotic.Interview.Data", "Thycotic.Interview.Data\Thycotic.Interview.Data.csproj", "{4715E886-2C41-474C-8B21-DA597CA5007B}"
EndProject
Global
	GlobalSection(SolutionConfigurationPlatforms) = preSolution
		Debug|Any CPU = Debug|Any CPU
		Release|Any CPU = Release|Any CPU
	EndGlobalSection
	GlobalSection(ProjectConfigurationPlatforms) = postSolution
		{8BB4BCC7-5176-4D48-AD85-EC140EF3D143}.Debug|Any CPU.ActiveCfg = Debug|Any CPU
		{8BB4BCC7-5176-4D48-AD85-EC140EF3D143}.Debug|Any CPU.Build.0 = Debug|Any CPU
		{8BB4BCC7-5176-4D48-AD85-EC140EF3D143}.Release|Any CPU.ActiveCfg = Release|Any CPU
		{8BB4BCC7-5176-4D48-AD85-EC140EF3D143}.Release|Any CPU.Build.0 = Release|Any CPU
		{4715E886-2C41-474C-8B21-DA597CA5007B}.Debug|Any CPU.ActiveCfg = Debug|Any CPU
		{4715E886-2C41-474C-8B21-DA597CA5007B}.Debug|Any CPU.Build.0 = Debug|Any CPU
		{4715E886-2C41-474C-8B21-DA597CA5007B}.Release|Any CPU.ActiveCfg = Release|Any CPU
		{4715E886-2C41-474C-8B21-DA597CA5007B}.Release|Any CPU.Build.0 = Release|Any CPU
	EndGlobalSection
	GlobalSection(SolutionProperties) = preSolution
		HideSolutionNode = FALSE
	EndGlobalSection
	GlobalSection(ExtensibilityGlobals) = postSolution
		SolutionGuid = {A6C6D763-7F3A-43AC-BC80-8103FC4E1E78}
	EndGlobalSection
EndGlobal
